
Microsoft Visual Studio Solution File, Format Version 12.00
# Visual Studio Version 16
VisualStudioVersion = 16.0.29911.84
MinimumVisualStudioVersion = 10.0.40219.1
Project("{FAE04EC0-301F-11D3-BF4B-00C04F79EFBC}") = "UI_EAD_ProjetoDS", "EAD_ProjetoDS\UI_EAD_ProjetoDS.csproj", "{2A88D91D-8CBA-43EF-9CFB-5BF0308E63F0}"
EndProject
Project("{FAE04EC0-301F-11D3-BF4B-00C04F79EFBC}") = "BLL_EAD_ProjetoDS", "BLL_EAD_ProjetoDS\BLL_EAD_ProjetoDS.csproj", "{1BA00D1C-2CA1-4426-ADB3-51051840670D}"
EndProject
Project("{FAE04EC0-301F-11D3-BF4B-00C04F79EFBC}") = "DAL_EAD_ProjetoDS", "DAL_EAD_ProjetoDS\DAL_EAD_ProjetoDS.csproj", "{C9C29B54-D8E5-41C8-A2AF-F1E542F5DB2C}"
EndProject
Project("{FAE04EC0-301F-11D3-BF4B-00C04F79EFBC}") = "DTO_EAD_ProjetoDS", "DTO_EAD_ProjetoDS\DTO_EAD_ProjetoDS.csproj", "{6BB88C12-E5EE-42CC-BD22-7508625D6370}"
EndProject
Global
	GlobalSection(SolutionConfigurationPlatforms) = preSolution
		Debug|Any CPU = Debug|Any CPU
		Release|Any CPU = Release|Any CPU
	EndGlobalSection
	GlobalSection(ProjectConfigurationPlatforms) = postSolution
		{2A88D91D-8CBA-43EF-9CFB-5BF0308E63F0}.Debug|Any CPU.ActiveCfg = Debug|Any CPU
		{2A88D91D-8CBA-43EF-9CFB-5BF0308E63F0}.Debug|Any CPU.Build.0 = Debug|Any CPU
		{2A88D91D-8CBA-43EF-9CFB-5BF0308E63F0}.Release|Any CPU.ActiveCfg = Release|Any CPU
		{2A88D91D-8CBA-43EF-9CFB-5BF0308E63F0}.Release|Any CPU.Build.0 = Release|Any CPU
		{1BA00D1C-2CA1-4426-ADB3-51051840670D}.Debug|Any CPU.ActiveCfg = Debug|Any CPU
		{1BA00D1C-2CA1-4426-ADB3-51051840670D}.Debug|Any CPU.Build.0 = Debug|Any CPU
		{1BA00D1C-2CA1-4426-ADB3-51051840670D}.Release|Any CPU.ActiveCfg = Release|Any CPU
		{1BA00D1C-2CA1-4426-ADB3-51051840670D}.Release|Any CPU.Build.0 = Release|Any CPU
		{C9C29B54-D8E5-41C8-A2AF-F1E542F5DB2C}.Debug|Any CPU.ActiveCfg = Debug|Any CPU
		{C9C29B54-D8E5-41C8-A2AF-F1E542F5DB2C}.Debug|Any CPU.Build.0 = Debug|Any CPU
		{C9C29B54-D8E5-41C8-A2AF-F1E542F5DB2C}.Release|Any CPU.ActiveCfg = Release|Any CPU
		{C9C29B54-D8E5-41C8-A2AF-F1E542F5DB2C}.Release|Any CPU.Build.0 = Release|Any CPU
		{6BB88C12-E5EE-42CC-BD22-7508625D6370}.Debug|Any CPU.ActiveCfg = Debug|Any CPU
		{6BB88C12-E5EE-42CC-BD22-7508625D6370}.Debug|Any CPU.Build.0 = Debug|Any CPU
		{6BB88C12-E5EE-42CC-BD22-7508625D6370}.Release|Any CPU.ActiveCfg = Release|Any CPU
		{6BB88C12-E5EE-42CC-BD22-7508625D6370}.Release|Any CPU.Build.0 = Release|Any CPU
	EndGlobalSection
	GlobalSection(SolutionProperties) = preSolution
		HideSolutionNode = FALSE
	EndGlobalSection
	GlobalSection(ExtensibilityGlobals) = postSolution
		SolutionGuid = {54820E5D-4E8F-488D-9003-A992A629AD0D}
	EndGlobalSection
EndGlobal
